
Microsoft Visual Studio Solution File, Format Version 12.00
# Visual Studio Version 17
VisualStudioVersion = 17.10.34825.169
MinimumVisualStudioVersion = 10.0.40219.1
Project("{FAE04EC0-301F-11D3-BF4B-00C04F79EFBC}") = "EmployeeMgmt", "EmployeeMgmt.csproj", "{BCA1DB32-B662-4CEF-843B-8A9C056111E7}"
EndProject
Global
	GlobalSection(SolutionConfigurationPlatforms) = preSolution
		Debug|Any CPU = Debug|Any CPU
		Release|Any CPU = Release|Any CPU
	EndGlobalSection
	GlobalSection(ProjectConfigurationPlatforms) = postSolution
		{BCA1DB32-B662-4CEF-843B-8A9C056111E7}.Debug|Any CPU.ActiveCfg = Debug|Any CPU
		{BCA1DB32-B662-4CEF-843B-8A9C056111E7}.Debug|Any CPU.Build.0 = Debug|Any CPU
		{BCA1DB32-B662-4CEF-843B-8A9C056111E7}.Release|Any CPU.ActiveCfg = Release|Any CPU
		{BCA1DB32-B662-4CEF-843B-8A9C056111E7}.Release|Any CPU.Build.0 = Release|Any CPU
	EndGlobalSection
	GlobalSection(SolutionProperties) = preSolution
		HideSolutionNode = FALSE
	EndGlobalSection
	GlobalSection(ExtensibilityGlobals) = postSolution
		SolutionGuid = {6D0FAF45-5F05-4078-B5C1-D3BA0635E1B0}
	EndGlobalSection
EndGlobal
